{
  "name": "surge",
  "version": "0.20.0",
  "lockfileVersion": 1,
  "requires": true,
  "dependencies": {
    "ansi-regex": {
      "version": "2.1.1",
      "resolved": "https://registry.npmjs.org/ansi-regex/-/ansi-regex-2.1.1.tgz",
      "integrity": "sha1-w7M6te42DYbg5ijwRorn7yfWVN8=",
      "dev": true
    },
    "array-filter": {
      "version": "0.0.1",
      "resolved": "https://registry.npmjs.org/array-filter/-/array-filter-0.0.1.tgz",
      "integrity": "sha1-fajPLiZijtcygDWB/SH2fKzS7uw=",
      "dev": true
    },
    "array-map": {
      "version": "0.0.0",
      "resolved": "https://registry.npmjs.org/array-map/-/array-map-0.0.0.tgz",
      "integrity": "sha1-iKK6tz0c97zVwbEYoAP2b2ZfpmI=",
      "dev": true
    },
    "array-reduce": {
      "version": "0.0.0",
      "resolved": "https://registry.npmjs.org/array-reduce/-/array-reduce-0.0.0.tgz",
      "integrity": "sha1-FziZ0//Rx9k4PkR5Ul2+J4yrXys=",
      "dev": true
    },
    "asn1": {
      "version": "0.1.11",
      "resolved": "https://registry.npmjs.org/asn1/-/asn1-0.1.11.tgz",
      "integrity": "sha1-VZvhg3bQik7E2+gId9J4GGObLfc=",
      "optional": true
    },
    "assert-plus": {
      "version": "0.1.5",
      "resolved": "https://registry.npmjs.org/assert-plus/-/assert-plus-0.1.5.tgz",
      "integrity": "sha1-7nQAlBMALYTOxyGcasgRgS5yMWA=",
      "optional": true
    },
    "assertion-error": {
      "version": "1.0.2",
      "resolved": "https://registry.npmjs.org/assertion-error/-/assertion-error-1.0.2.tgz",
      "integrity": "sha1-E8pRXYYgbaC6xm6DTdOX2HWBCUw=",
      "dev": true
    },
    "async": {
      "version": "0.1.22",
      "resolved": "https://registry.npmjs.org/async/-/async-0.1.22.tgz",
      "integrity": "sha1-D8GqoIig4+8Ovi2IMbqw3PiEUGE="
    },
    "aws-sign2": {
      "version": "0.5.0",
      "resolved": "https://registry.npmjs.org/aws-sign2/-/aws-sign2-0.5.0.tgz",
      "integrity": "sha1-xXED96F/wDfwLXwuZLYC6iI/fWM=",
      "optional": true
    },
    "balanced-match": {
      "version": "1.0.0",
      "resolved": "https://registry.npmjs.org/balanced-match/-/balanced-match-1.0.0.tgz",
      "integrity": "sha1-ibTRmasr7kneFk6gK4nORi1xt2c="
    },
    "block-stream": {
      "version": "0.0.9",
      "resolved": "https://registry.npmjs.org/block-stream/-/block-stream-0.0.9.tgz",
      "integrity": "sha1-E+v+d4oDIFz+A3UUgeu0szAMEmo=",
      "requires": {
        "inherits": "2.0.3"
      }
    },
    "boom": {
      "version": "0.4.2",
      "resolved": "https://registry.npmjs.org/boom/-/boom-0.4.2.tgz",
      "integrity": "sha1-emNune1O/O+xnO9JR6PGffrukRs=",
      "requires": {
        "hoek": "0.9.1"
      }
    },
    "brace-expansion": {
      "version": "1.1.8",
      "resolved": "https://registry.npmjs.org/brace-expansion/-/brace-expansion-1.1.8.tgz",
      "integrity": "sha1-wHshHHyVLsH479Uad+8NHTmQopI=",
      "requires": {
        "balanced-match": "1.0.0",
        "concat-map": "0.0.1"
      }
    },
    "browser-stdout": {
      "version": "1.3.0",
      "resolved": "https://registry.npmjs.org/browser-stdout/-/browser-stdout-1.3.0.tgz",
      "integrity": "sha1-81HTKWnTL6XXpVZxVCY9korjvR8=",
      "dev": true
    },
    "camelcase": {
      "version": "1.2.1",
      "resolved": "https://registry.npmjs.org/camelcase/-/camelcase-1.2.1.tgz",
      "integrity": "sha1-m7UwTS4LVmmLLHWLCKPqqdqlijk=",
      "dev": true
    },
    "cliui": {
      "version": "3.2.0",
      "resolved": "https://registry.npmjs.org/cliui/-/cliui-3.2.0.tgz",
      "integrity": "sha1-EgYBU3qRbSmUD5NNo7SNWFo5IT0=",
      "dev": true,
      "requires": {
        "string-width": "1.0.2",
        "strip-ansi": "3.0.1",
        "wrap-ansi": "2.1.0"
      }
    },
    "clone": {
      "version": "0.1.19",
      "resolved": "https://registry.npmjs.org/clone/-/clone-0.1.19.tgz",
      "integrity": "sha1-YT+2hjmyaklKxTJT4Vsaa9iK2oU=",
      "dev": true
    },
    "code-point-at": {
      "version": "1.1.0",
      "resolved": "https://registry.npmjs.org/code-point-at/-/code-point-at-1.1.0.tgz",
      "integrity": "sha1-DQcLTQQ6W+ozovGkDi7bPZpMz3c=",
      "dev": true
    },
    "colors": {
      "version": "0.6.2",
      "resolved": "https://registry.npmjs.org/colors/-/colors-0.6.2.tgz",
      "integrity": "sha1-JCP+ZnisDF2uiFLl0OW+CMmXq8w="
    },
    "combined-stream": {
      "version": "0.0.7",
      "resolved": "https://registry.npmjs.org/combined-stream/-/combined-stream-0.0.7.tgz",
      "integrity": "sha1-ATfmV7qlp1QcV6w3rF/AfXO03B8=",
      "optional": true,
      "requires": {
        "delayed-stream": "0.0.5"
      }
    },
    "commander": {
      "version": "2.9.0",
      "resolved": "https://registry.npmjs.org/commander/-/commander-2.9.0.tgz",
      "integrity": "sha1-nJkJQXbhIkDLItbFFGCYQA/g99Q=",
      "dev": true,
      "requires": {
        "graceful-readlink": "1.0.1"
      }
    },
    "concat-map": {
      "version": "0.0.1",
      "resolved": "https://registry.npmjs.org/concat-map/-/concat-map-0.0.1.tgz",
      "integrity": "sha1-2Klr13/Wjfd5OnMDajug1UBdR3s="
    },
    "cryptiles": {
      "version": "0.2.2",
      "resolved": "https://registry.npmjs.org/cryptiles/-/cryptiles-0.2.2.tgz",
      "integrity": "sha1-7ZH/HxetE9N0gohZT4pIoNJvMlw=",
      "optional": true,
      "requires": {
        "boom": "0.4.2"
      }
    },
    "ctype": {
      "version": "0.5.3",
      "resolved": "https://registry.npmjs.org/ctype/-/ctype-0.5.3.tgz",
      "integrity": "sha1-gsGMJGH3QRTvFsE1IkrQuRRMoS8=",
      "optional": true
    },
    "cycle": {
      "version": "1.0.3",
      "resolved": "https://registry.npmjs.org/cycle/-/cycle-1.0.3.tgz",
      "integrity": "sha1-IegLK+hYD5i0aPN5QwZisEbDStI="
    },
    "debug": {
      "version": "3.1.0",
      "resolved": "https://registry.npmjs.org/debug/-/debug-3.1.0.tgz",
      "integrity": "sha512-OX8XqP7/1a9cqkxYw2yXss15f26NKWBpDXQd0/uK/KPqdQhxbPa994hnzjcE2VqQpDslf55723cKPUOGSmMY3g==",
      "dev": true,
      "requires": {
        "ms": "2.0.0"
      }
    },
    "decamelize": {
      "version": "1.2.0",
      "resolved": "https://registry.npmjs.org/decamelize/-/decamelize-1.2.0.tgz",
      "integrity": "sha1-9lNNFRSCabIDUue+4m9QH5oZEpA=",
      "dev": true
    },
    "deep-equal": {
      "version": "1.0.1",
      "resolved": "https://registry.npmjs.org/deep-equal/-/deep-equal-1.0.1.tgz",
      "integrity": "sha1-9dJgKStmDghO/0zbyfCK0yR0SLU="
    },
    "delayed-stream": {
      "version": "0.0.5",
      "resolved": "https://registry.npmjs.org/delayed-stream/-/delayed-stream-0.0.5.tgz",
      "integrity": "sha1-1LH0OpPoKW3+AmlPRoC8N6MTxz8=",
      "optional": true
    },
    "diff": {
      "version": "3.3.1",
      "resolved": "https://registry.npmjs.org/diff/-/diff-3.3.1.tgz",
      "integrity": "sha512-MKPHZDMB0o6yHyDryUOScqZibp914ksXwAMYMTHj6KO8UeKsRYNJD3oNCKjTqZon+V488P7N/HzXF8t7ZR95ww==",
      "dev": true
    },
    "du": {
      "version": "0.1.0",
      "resolved": "https://registry.npmjs.org/du/-/du-0.1.0.tgz",
      "integrity": "sha1-8m40CgnHvFtv1pr2263qYPqMb00=",
      "requires": {
        "async": "0.1.22"
      }
    },
    "escape-string-regexp": {
      "version": "1.0.5",
      "resolved": "https://registry.npmjs.org/escape-string-regexp/-/escape-string-regexp-1.0.5.tgz",
      "integrity": "sha1-G2HAViGQqN/2rjuyzwIAyhMLhtQ=",
      "dev": true
    },
    "eyes": {
      "version": "0.1.8",
      "resolved": "https://registry.npmjs.org/eyes/-/eyes-0.1.8.tgz",
      "integrity": "sha1-Ys8SAjTGg3hdkCNIqADvPgzCC8A="
    },
    "forever-agent": {
      "version": "0.5.2",
      "resolved": "https://registry.npmjs.org/forever-agent/-/forever-agent-0.5.2.tgz",
      "integrity": "sha1-bQ4JxJIflKJ/Y9O0nF/v8epMUTA="
    },
    "form-data": {
      "version": "0.1.4",
      "resolved": "https://registry.npmjs.org/form-data/-/form-data-0.1.4.tgz",
      "integrity": "sha1-kavXiKupcCsaq/qLwBAxoqyeOxI=",
      "optional": true,
      "requires": {
        "async": "0.9.2",
        "combined-stream": "0.0.7",
        "mime": "1.2.11"
      },
      "dependencies": {
        "async": {
          "version": "0.9.2",
          "resolved": "https://registry.npmjs.org/async/-/async-0.9.2.tgz",
          "integrity": "sha1-rqdNXmHB+JlhO/ZL2mbUx48v0X0=",
          "optional": true
        }
      }
    },
    "fs.realpath": {
      "version": "1.0.0",
      "resolved": "https://registry.npmjs.org/fs.realpath/-/fs.realpath-1.0.0.tgz",
      "integrity": "sha1-FQStJSMVjKpA20onh8sBQRmU6k8="
    },
    "fstream": {
      "version": "1.0.11",
      "resolved": "https://registry.npmjs.org/fstream/-/fstream-1.0.11.tgz",
      "integrity": "sha1-XB+x8RdHcRTwYyoOtLcbPLD9MXE=",
      "requires": {
        "graceful-fs": "4.1.11",
        "inherits": "2.0.3",
        "mkdirp": "0.5.1",
        "rimraf": "2.6.2"
      }
    },
    "fstream-ignore": {
      "version": "1.0.2",
      "resolved": "https://registry.npmjs.org/fstream-ignore/-/fstream-ignore-1.0.2.tgz",
      "integrity": "sha1-GMiR2wG3gqdKe/+Tag8kmXdBx6s=",
      "requires": {
        "fstream": "1.0.11",
        "inherits": "2.0.3",
        "minimatch": "2.0.10"
      }
    },
    "glob": {
      "version": "7.1.2",
      "resolved": "https://registry.npmjs.org/glob/-/glob-7.1.2.tgz",
      "integrity": "sha512-MJTUg1kjuLeQCJ+ccE4Vpa6kKVXkPYJ2mOCQyUuKLcLQsdrMCpBPUi8qVE6+YuaJkozeA9NusTAw3hLr8Xe5EQ==",
      "requires": {
        "fs.realpath": "1.0.0",
        "inflight": "1.0.6",
        "inherits": "2.0.3",
        "minimatch": "3.0.4",
        "once": "1.4.0",
        "path-is-absolute": "1.0.1"
      },
      "dependencies": {
        "minimatch": {
          "version": "3.0.4",
          "resolved": "https://registry.npmjs.org/minimatch/-/minimatch-3.0.4.tgz",
          "integrity": "sha512-yJHVQEhyqPLUTgt9B83PXu6W3rx4MvvHvSUvToogpwoGDOUQ+yDrR0HRot+yOCdCO7u4hX3pWft6kWBBcqh0UA==",
          "requires": {
            "brace-expansion": "1.1.8"
          }
        }
      }
    },
    "graceful-fs": {
      "version": "4.1.11",
      "resolved": "https://registry.npmjs.org/graceful-fs/-/graceful-fs-4.1.11.tgz",
      "integrity": "sha1-Dovf5NHduIVNZOBOp8AOKgJuVlg="
    },
    "graceful-readlink": {
      "version": "1.0.1",
      "resolved": "https://registry.npmjs.org/graceful-readlink/-/graceful-readlink-1.0.1.tgz",
      "integrity": "sha1-TK+tdrxi8C+gObL5Tpo906ORpyU=",
      "dev": true
    },
    "growl": {
      "version": "1.10.3",
      "resolved": "https://registry.npmjs.org/growl/-/growl-1.10.3.tgz",
      "integrity": "sha512-hKlsbA5Vu3xsh1Cg3J7jSmX/WaW6A5oBeqzM88oNbCRQFz+zUaXm6yxS4RVytp1scBoJzSYl4YAEOQIt6O8V1Q==",
      "dev": true
    },
    "has-flag": {
      "version": "2.0.0",
      "resolved": "https://registry.npmjs.org/has-flag/-/has-flag-2.0.0.tgz",
      "integrity": "sha1-6CB68cx7MNRGzHC3NLXovhj4jVE=",
      "dev": true
    },
    "hawk": {
      "version": "1.1.1",
      "resolved": "https://registry.npmjs.org/hawk/-/hawk-1.1.1.tgz",
      "integrity": "sha1-h81JH5tG5OKurKM1QWdmiF0tHtk=",
      "optional": true,
      "requires": {
        "boom": "0.4.2",
        "cryptiles": "0.2.2",
        "hoek": "0.9.1",
        "sntp": "0.2.4"
      }
    },
    "he": {
      "version": "1.1.1",
      "resolved": "https://registry.npmjs.org/he/-/he-1.1.1.tgz",
      "integrity": "sha1-k0EP0hsAlzUVH4howvJx80J+I/0=",
      "dev": true
    },
    "hoek": {
      "version": "0.9.1",
      "resolved": "https://registry.npmjs.org/hoek/-/hoek-0.9.1.tgz",
      "integrity": "sha1-PTIkYrrfB3Fup+uFuviAec3c5QU="
    },
    "http-signature": {
      "version": "0.10.1",
      "resolved": "https://registry.npmjs.org/http-signature/-/http-signature-0.10.1.tgz",
      "integrity": "sha1-T72sEyVZqoMjEh5UB3nAoBKyfmY=",
      "optional": true,
      "requires": {
        "asn1": "0.1.11",
        "assert-plus": "0.1.5",
        "ctype": "0.5.3"
      }
    },
    "i": {
      "version": "0.3.6",
      "resolved": "https://registry.npmjs.org/i/-/i-0.3.6.tgz",
      "integrity": "sha1-2WyScyB28HJxG2sQ/X1PZa2O4j0="
    },
    "inflight": {
      "version": "1.0.6",
      "resolved": "https://registry.npmjs.org/inflight/-/inflight-1.0.6.tgz",
      "integrity": "sha1-Sb1jMdfQLQwJvJEKEHW6gWW1bfk=",
      "requires": {
        "once": "1.4.0",
        "wrappy": "1.0.2"
      }
    },
    "inherits": {
      "version": "2.0.3",
      "resolved": "https://registry.npmjs.org/inherits/-/inherits-2.0.3.tgz",
      "integrity": "sha1-Yzwsg+PaQqUC9SRmAiSA9CCCYd4="
    },
    "invert-kv": {
      "version": "1.0.0",
      "resolved": "https://registry.npmjs.org/invert-kv/-/invert-kv-1.0.0.tgz",
      "integrity": "sha1-EEqOSqym09jNFXqO+L+rLXo//bY=",
      "dev": true
    },
    "is-domain": {
      "version": "0.0.1",
      "resolved": "https://registry.npmjs.org/is-domain/-/is-domain-0.0.1.tgz",
      "integrity": "sha1-f/sojVzO1rB8Ty35HJvpFTURNI4="
    },
    "is-fullwidth-code-point": {
      "version": "1.0.0",
      "resolved": "https://registry.npmjs.org/is-fullwidth-code-point/-/is-fullwidth-code-point-1.0.0.tgz",
      "integrity": "sha1-754xOG8DGn8NZDr4L95QxFfvAMs=",
      "dev": true,
      "requires": {
        "number-is-nan": "1.0.1"
      }
    },
    "isstream": {
      "version": "0.1.2",
      "resolved": "https://registry.npmjs.org/isstream/-/isstream-0.1.2.tgz",
      "integrity": "sha1-R+Y/evVa+m+S4VAOaQ64uFKcCZo="
    },
    "json-stringify-safe": {
      "version": "5.0.1",
      "resolved": "https://registry.npmjs.org/json-stringify-safe/-/json-stringify-safe-5.0.1.tgz",
      "integrity": "sha1-Epai1Y/UXxmg9s4B1lcB4sc1tus="
    },
    "jsonify": {
      "version": "0.0.0",
      "resolved": "https://registry.npmjs.org/jsonify/-/jsonify-0.0.0.tgz",
      "integrity": "sha1-LHS27kHZPKUbe1qu6PUDYx0lKnM=",
      "dev": true
    },
    "lcid": {
      "version": "1.0.0",
      "resolved": "https://registry.npmjs.org/lcid/-/lcid-1.0.0.tgz",
      "integrity": "sha1-MIrMr6C8SDo4Z7S28rlQYlHRuDU=",
      "dev": true,
      "requires": {
        "invert-kv": "1.0.0"
      }
    },
    "mime": {
      "version": "1.2.11",
      "resolved": "https://registry.npmjs.org/mime/-/mime-1.2.11.tgz",
      "integrity": "sha1-WCA+7Ybjpe8XrtK32evUfwpg3RA=",
      "optional": true
    },
    "mime-types": {
      "version": "1.0.2",
      "resolved": "https://registry.npmjs.org/mime-types/-/mime-types-1.0.2.tgz",
      "integrity": "sha1-mVrhOSq4r/y/yyZB3QVOlDwNXc4="
    },
    "minimatch": {
      "version": "2.0.10",
      "resolved": "https://registry.npmjs.org/minimatch/-/minimatch-2.0.10.tgz",
      "integrity": "sha1-jQh8OcazjAAbl/ynzm0OHoCvusc=",
      "requires": {
        "brace-expansion": "1.1.8"
      }
    },
    "minimist": {
      "version": "1.1.1",
      "resolved": "https://registry.npmjs.org/minimist/-/minimist-1.1.1.tgz",
      "integrity": "sha1-G8K8cWWM3KVxJHVoQ2NhWwtPaVs="
    },
    "mkdirp": {
      "version": "0.5.1",
      "resolved": "https://registry.npmjs.org/mkdirp/-/mkdirp-0.5.1.tgz",
      "integrity": "sha1-MAV0OOrGz3+MR2fzhkjWaX11yQM=",
      "requires": {
        "minimist": "0.0.8"
      },
      "dependencies": {
        "minimist": {
          "version": "0.0.8",
          "resolved": "https://registry.npmjs.org/minimist/-/minimist-0.0.8.tgz",
          "integrity": "sha1-hX/Kv8M5fSYluCKCYuhqp6ARsF0="
        }
      }
    },
    "mocha": {
      "version": "4.1.0",
      "resolved": "https://registry.npmjs.org/mocha/-/mocha-4.1.0.tgz",
      "integrity": "sha512-0RVnjg1HJsXY2YFDoTNzcc1NKhYuXKRrBAG2gDygmJJA136Cs2QlRliZG1mA0ap7cuaT30mw16luAeln+4RiNA==",
      "dev": true,
      "requires": {
        "browser-stdout": "1.3.0",
        "commander": "2.11.0",
        "debug": "3.1.0",
        "diff": "3.3.1",
        "escape-string-regexp": "1.0.5",
        "glob": "7.1.2",
        "growl": "1.10.3",
        "he": "1.1.1",
        "mkdirp": "0.5.1",
        "supports-color": "4.4.0"
      },
      "dependencies": {
        "commander": {
          "version": "2.11.0",
          "resolved": "https://registry.npmjs.org/commander/-/commander-2.11.0.tgz",
          "integrity": "sha512-b0553uYA5YAEGgyYIGYROzKQ7X5RAqedkfjiZxwi0kL1g3bOaBNNZfYkzt/CL0umgD5wc9Jec2FbB98CjkMRvQ==",
          "dev": true
        }
      }
    },
    "moniker": {
      "version": "0.1.2",
      "resolved": "https://registry.npmjs.org/moniker/-/moniker-0.1.2.tgz",
      "integrity": "sha1-hy37pXXc6o+gSlE1sT1fJL7MyX4="
    },
    "ms": {
      "version": "2.0.0",
      "resolved": "https://registry.npmjs.org/ms/-/ms-2.0.0.tgz",
      "integrity": "sha1-VgiurfwAvmwpAd9fmGF4jeDVl8g=",
      "dev": true
    },
    "mute-stream": {
      "version": "0.0.7",
      "resolved": "https://registry.npmjs.org/mute-stream/-/mute-stream-0.0.7.tgz",
      "integrity": "sha1-MHXOk7whuPq0PhvE2n6BFe0ee6s="
    },
    "ncp": {
      "version": "0.4.2",
      "resolved": "https://registry.npmjs.org/ncp/-/ncp-0.4.2.tgz",
      "integrity": "sha1-q8xsvT7C7Spyn/bnwfqPAXhKhXQ="
    },
    "netrc": {
      "version": "0.1.4",
      "resolved": "https://registry.npmjs.org/netrc/-/netrc-0.1.4.tgz",
      "integrity": "sha1-a+lPysqNd63gqWcNxGCRTJRHJEQ="
    },
    "nixt": {
      "version": "0.4.1",
      "resolved": "https://registry.npmjs.org/nixt/-/nixt-0.4.1.tgz",
      "integrity": "sha1-YjCeuVzSKPeZWCKiHbgXBbbs3Nw=",
      "dev": true,
      "requires": {
        "assertion-error": "1.0.2",
        "clone": "0.1.19",
        "shell-quote": "1.6.1",
        "string": "1.9.1"
      }
    },
    "node-uuid": {
      "version": "1.4.8",
      "resolved": "https://registry.npmjs.org/node-uuid/-/node-uuid-1.4.8.tgz",
      "integrity": "sha1-sEDrCSOWivq/jTL7HxfxFn/auQc="
    },
    "number-is-nan": {
      "version": "1.0.1",
      "resolved": "https://registry.npmjs.org/number-is-nan/-/number-is-nan-1.0.1.tgz",
      "integrity": "sha1-CXtgK1NCKlIsGvuHkDGDNpQaAR0=",
      "dev": true
    },
    "oauth-sign": {
      "version": "0.3.0",
      "resolved": "https://registry.npmjs.org/oauth-sign/-/oauth-sign-0.3.0.tgz",
      "integrity": "sha1-y1QPk7srIqfVlBaRoojWDo6pOG4=",
      "optional": true
    },
    "once": {
      "version": "1.4.0",
      "resolved": "https://registry.npmjs.org/once/-/once-1.4.0.tgz",
      "integrity": "sha1-WDsap3WWHUsROsF9nFC6753Xa9E=",
      "requires": {
        "wrappy": "1.0.2"
      }
    },
    "os-locale": {
      "version": "1.4.0",
      "resolved": "https://registry.npmjs.org/os-locale/-/os-locale-1.4.0.tgz",
      "integrity": "sha1-IPnxeuKe00XoveWDsT0gCYA8FNk=",
      "dev": true,
      "requires": {
        "lcid": "1.0.0"
      }
    },
    "path-is-absolute": {
      "version": "1.0.1",
      "resolved": "https://registry.npmjs.org/path-is-absolute/-/path-is-absolute-1.0.1.tgz",
      "integrity": "sha1-F0uSaHNVNP+8es5r9TpanhtcX18="
    },
    "pkginfo": {
      "version": "0.4.1",
      "resolved": "https://registry.npmjs.org/pkginfo/-/pkginfo-0.4.1.tgz",
      "integrity": "sha1-tUGO8EOd5UJfxJlQQtztFPsqhP8="
    },
    "progress": {
      "version": "1.1.8",
      "resolved": "https://registry.npmjs.org/progress/-/progress-1.1.8.tgz",
      "integrity": "sha1-4mDHj2Fhzdmw5WzD4Khd4Xx6V74="
    },
    "prompt": {
      "version": "0.2.14",
      "resolved": "https://registry.npmjs.org/prompt/-/prompt-0.2.14.tgz",
      "integrity": "sha1-V3VPZPVD/XsIRXB8gY7OYY8F/9w=",
      "requires": {
        "pkginfo": "0.4.1",
        "read": "1.0.5",
        "revalidator": "0.1.8",
        "utile": "0.2.1",
        "winston": "0.8.3"
      }
    },
    "punycode": {
      "version": "1.4.1",
      "resolved": "https://registry.npmjs.org/punycode/-/punycode-1.4.1.tgz",
      "integrity": "sha1-wNWmOycYgArY4esPpSachN1BhF4=",
      "optional": true
    },
    "qs": {
      "version": "1.0.2",
      "resolved": "https://registry.npmjs.org/qs/-/qs-1.0.2.tgz",
      "integrity": "sha1-UKk+K1r2aRwxvOpdrnjubqGQN2g="
    },
    "read": {
      "version": "1.0.5",
      "resolved": "https://registry.npmjs.org/read/-/read-1.0.5.tgz",
      "integrity": "sha1-AHo9FpR4qnEKSRcn5FPv+5LnYgM=",
      "requires": {
        "mute-stream": "0.0.7"
      }
    },
    "request": {
      "version": "2.40.0",
      "resolved": "https://registry.npmjs.org/request/-/request-2.40.0.tgz",
      "integrity": "sha1-TdZw9pbx5uhC5mtLXoOTAaub62c=",
      "requires": {
        "aws-sign2": "0.5.0",
        "forever-agent": "0.5.2",
        "form-data": "0.1.4",
        "hawk": "1.1.1",
        "http-signature": "0.10.1",
        "json-stringify-safe": "5.0.1",
        "mime-types": "1.0.2",
        "node-uuid": "1.4.8",
        "oauth-sign": "0.3.0",
        "qs": "1.0.2",
        "stringstream": "0.0.5",
        "tough-cookie": "2.3.3",
        "tunnel-agent": "0.4.3"
      }
    },
    "revalidator": {
      "version": "0.1.8",
      "resolved": "https://registry.npmjs.org/revalidator/-/revalidator-0.1.8.tgz",
      "integrity": "sha1-/s5hv6DBtSoga9axgZgYS91SOjs="
    },
    "rimraf": {
      "version": "2.6.2",
      "resolved": "https://registry.npmjs.org/rimraf/-/rimraf-2.6.2.tgz",
      "integrity": "sha512-lreewLK/BlghmxtfH36YYVg1i8IAce4TI7oao75I1g245+6BctqTVQiBP3YUJ9C6DQOXJmkYR9X9fCLtCOJc5w==",
      "requires": {
        "glob": "7.1.2"
      }
    },
    "shell-quote": {
      "version": "1.6.1",
      "resolved": "https://registry.npmjs.org/shell-quote/-/shell-quote-1.6.1.tgz",
      "integrity": "sha1-9HgZSczkAmlxJ0MOo7PFR29IF2c=",
      "dev": true,
      "requires": {
        "array-filter": "0.0.1",
        "array-map": "0.0.0",
        "array-reduce": "0.0.0",
        "jsonify": "0.0.0"
      }
    },
    "should": {
      "version": "7.1.0",
      "resolved": "https://registry.npmjs.org/should/-/should-7.1.0.tgz",
      "integrity": "sha1-WUGumqZnW+JAZ9QywCryEMzZx3I=",
      "dev": true,
      "requires": {
        "should-equal": "0.5.0",
        "should-format": "0.3.0",
        "should-type": "0.2.0"
      }
    },
    "should-equal": {
      "version": "0.5.0",
      "resolved": "https://registry.npmjs.org/should-equal/-/should-equal-0.5.0.tgz",
      "integrity": "sha1-x5fxNfMGf+tp6+zbMGscP+IbPm8=",
      "dev": true,
      "requires": {
        "should-type": "0.2.0"
      }
    },
    "should-format": {
      "version": "0.3.0",
      "resolved": "https://registry.npmjs.org/should-format/-/should-format-0.3.0.tgz",
      "integrity": "sha1-QgB+wKochupEkUzJER8bnyfTzqw=",
      "dev": true,
      "requires": {
        "should-type": "0.2.0"
      }
    },
    "should-type": {
      "version": "0.2.0",
      "resolved": "https://registry.npmjs.org/should-type/-/should-type-0.2.0.tgz",
      "integrity": "sha1-ZwfvlVKdmJ3MCY/gdTqx+RNrt/Y=",
      "dev": true
    },
    "sntp": {
      "version": "0.2.4",
      "resolved": "https://registry.npmjs.org/sntp/-/sntp-0.2.4.tgz",
      "integrity": "sha1-+4hfGLDzqtGJ+CSGJTa87ux1CQA=",
      "optional": true,
      "requires": {
        "hoek": "0.9.1"
      }
    },
    "split": {
      "version": "0.3.1",
      "resolved": "https://registry.npmjs.org/split/-/split-0.3.1.tgz",
      "integrity": "sha1-zrzxQr9hu7ZLFBYo5ttIKikUZUw=",
      "requires": {
        "through": "2.3.8"
      }
    },
    "stack-trace": {
      "version": "0.0.10",
      "resolved": "https://registry.npmjs.org/stack-trace/-/stack-trace-0.0.10.tgz",
      "integrity": "sha1-VHxws0fo0ytOEI6hoqFZ5f3eGcA="
    },
    "string": {
      "version": "1.9.1",
      "resolved": "https://registry.npmjs.org/string/-/string-1.9.1.tgz",
      "integrity": "sha1-iq4c9WPep2dTjdej8NsiOYacYZ4=",
      "dev": true
    },
    "string-width": {
      "version": "1.0.2",
      "resolved": "https://registry.npmjs.org/string-width/-/string-width-1.0.2.tgz",
      "integrity": "sha1-EYvfW4zcUaKn5w0hHgfisLmxB9M=",
      "dev": true,
      "requires": {
        "code-point-at": "1.1.0",
        "is-fullwidth-code-point": "1.0.0",
        "strip-ansi": "3.0.1"
      }
    },
    "stringstream": {
      "version": "0.0.5",
      "resolved": "https://registry.npmjs.org/stringstream/-/stringstream-0.0.5.tgz",
      "integrity": "sha1-TkhM1N5aC7vuGORjB3EKioFiGHg=",
      "optional": true
    },
    "strip-ansi": {
      "version": "3.0.1",
      "resolved": "https://registry.npmjs.org/strip-ansi/-/strip-ansi-3.0.1.tgz",
      "integrity": "sha1-ajhfuIU9lS1f8F0Oiq+UJ43GPc8=",
      "dev": true,
      "requires": {
        "ansi-regex": "2.1.1"
      }
    },
    "supports-color": {
      "version": "4.4.0",
      "resolved": "https://registry.npmjs.org/supports-color/-/supports-color-4.4.0.tgz",
      "integrity": "sha512-rKC3+DyXWgK0ZLKwmRsrkyHVZAjNkfzeehuFWdGGcqGDTZFH73+RH6S/RDAAxl9GusSjZSUWYLmT9N5pzXFOXQ==",
      "dev": true,
      "requires": {
        "has-flag": "2.0.0"
      }
    },
    "surge-ignore": {
      "version": "0.2.0",
      "resolved": "https://registry.npmjs.org/surge-ignore/-/surge-ignore-0.2.0.tgz",
      "integrity": "sha1-Wn+KIKcRiM+edaLP6OsYLekNrzs="
    },
    "tar": {
      "version": "2.0.0",
      "resolved": "https://registry.npmjs.org/tar/-/tar-2.0.0.tgz",
      "integrity": "sha1-fPYnvGMhZ3Zs4qWh8j5Oy44/KLw=",
      "requires": {
        "block-stream": "0.0.9",
        "fstream": "1.0.11",
        "inherits": "2.0.3"
      }
    },
    "through": {
      "version": "2.3.8",
      "resolved": "https://registry.npmjs.org/through/-/through-2.3.8.tgz",
      "integrity": "sha1-DdTJ/6q8NXlgsbckEV1+Doai4fU="
    },
    "tough-cookie": {
      "version": "2.3.3",
      "resolved": "https://registry.npmjs.org/tough-cookie/-/tough-cookie-2.3.3.tgz",
      "integrity": "sha1-C2GKVWW23qkL80JdBNVe3EdadWE=",
      "optional": true,
      "requires": {
        "punycode": "1.4.1"
      }
    },
    "tunnel-agent": {
      "version": "0.4.3",
      "resolved": "https://registry.npmjs.org/tunnel-agent/-/tunnel-agent-0.4.3.tgz",
      "integrity": "sha1-Y3PbdpCf5XDgjXNYM2Xtgop07us=",
      "optional": true
    },
    "url-parse-as-address": {
      "version": "1.0.0",
      "resolved": "https://registry.npmjs.org/url-parse-as-address/-/url-parse-as-address-1.0.0.tgz",
      "integrity": "sha1-+4CQGIPzOLPL7TU49fqiatr38uc="
    },
    "utile": {
      "version": "0.2.1",
      "resolved": "https://registry.npmjs.org/utile/-/utile-0.2.1.tgz",
      "integrity": "sha1-kwyI6ZCY1iIINMNWy9mncFItkNc=",
      "requires": {
        "async": "0.2.10",
        "deep-equal": "1.0.1",
        "i": "0.3.6",
        "mkdirp": "0.5.1",
        "ncp": "0.4.2",
        "rimraf": "2.6.2"
      },
      "dependencies": {
        "async": {
          "version": "0.2.10",
          "resolved": "https://registry.npmjs.org/async/-/async-0.2.10.tgz",
          "integrity": "sha1-trvgsGdLnXGXCMo43owjfLUmw9E="
        }
      }
    },
    "window-size": {
      "version": "0.1.4",
      "resolved": "https://registry.npmjs.org/window-size/-/window-size-0.1.4.tgz",
      "integrity": "sha1-+OGqHuWlPsW/FR/6CXQqatdpeHY=",
      "dev": true
    },
    "winston": {
      "version": "0.8.3",
      "resolved": "https://registry.npmjs.org/winston/-/winston-0.8.3.tgz",
      "integrity": "sha1-ZLar9M0Brcrv1QCTk7HY6L7BnbA=",
      "requires": {
        "async": "0.2.10",
        "colors": "0.6.2",
        "cycle": "1.0.3",
        "eyes": "0.1.8",
        "isstream": "0.1.2",
        "pkginfo": "0.3.1",
        "stack-trace": "0.0.10"
      },
      "dependencies": {
        "async": {
          "version": "0.2.10",
          "resolved": "https://registry.npmjs.org/async/-/async-0.2.10.tgz",
          "integrity": "sha1-trvgsGdLnXGXCMo43owjfLUmw9E="
        },
        "pkginfo": {
          "version": "0.3.1",
          "resolved": "https://registry.npmjs.org/pkginfo/-/pkginfo-0.3.1.tgz",
          "integrity": "sha1-Wyn2qB9wcXFC4J52W76rl7T4HiE="
        }
      }
    },
    "wrap-ansi": {
      "version": "2.1.0",
      "resolved": "https://registry.npmjs.org/wrap-ansi/-/wrap-ansi-2.1.0.tgz",
      "integrity": "sha1-2Pw9KE3QV5T+hJc8rs3Rz4JP3YU=",
      "dev": true,
      "requires": {
        "string-width": "1.0.2",
        "strip-ansi": "3.0.1"
      }
    },
    "wrappy": {
      "version": "1.0.2",
      "resolved": "https://registry.npmjs.org/wrappy/-/wrappy-1.0.2.tgz",
      "integrity": "sha1-tSQ9jz7BqjXxNkYFvA0QNuMKtp8="
    },
    "y18n": {
      "version": "3.2.1",
      "resolved": "https://registry.npmjs.org/y18n/-/y18n-3.2.1.tgz",
      "integrity": "sha1-bRX7qITAhnnA136I53WegR4H+kE=",
      "dev": true
    },
    "yargs": {
      "version": "3.30.0",
      "resolved": "https://registry.npmjs.org/yargs/-/yargs-3.30.0.tgz",
      "integrity": "sha1-Xsgu+Mcpb+AvoO43hj9tnZ4krO8=",
      "dev": true,
      "requires": {
        "camelcase": "1.2.1",
        "cliui": "3.2.0",
        "decamelize": "1.2.0",
        "os-locale": "1.4.0",
        "window-size": "0.1.4",
        "y18n": "3.2.1"
      }
    }
  }
}
